
Microsoft Visual Studio Solution File, Format Version 12.00
# Visual Studio Version 17
VisualStudioVersion = 17.9.34728.123
MinimumVisualStudioVersion = 10.0.40219.1
Project("{FAE04EC0-301F-11D3-BF4B-00C04F79EFBC}") = "UserApi", "UserApi.csproj", "{FD186017-77C8-4E9A-889B-BE45C0264812}"
EndProject
Global
	GlobalSection(SolutionConfigurationPlatforms) = preSolution
		Debug|Any CPU = Debug|Any CPU
		Release|Any CPU = Release|Any CPU
	EndGlobalSection
	GlobalSection(ProjectConfigurationPlatforms) = postSolution
		{FD186017-77C8-4E9A-889B-BE45C0264812}.Debug|Any CPU.ActiveCfg = Debug|Any CPU
		{FD186017-77C8-4E9A-889B-BE45C0264812}.Debug|Any CPU.Build.0 = Debug|Any CPU
		{FD186017-77C8-4E9A-889B-BE45C0264812}.Release|Any CPU.ActiveCfg = Release|Any CPU
		{FD186017-77C8-4E9A-889B-BE45C0264812}.Release|Any CPU.Build.0 = Release|Any CPU
	EndGlobalSection
	GlobalSection(SolutionProperties) = preSolution
		HideSolutionNode = FALSE
	EndGlobalSection
	GlobalSection(ExtensibilityGlobals) = postSolution
		SolutionGuid = {94B62CB4-0DAA-4DBC-A421-CD86287FB50A}
	EndGlobalSection
EndGlobal
